
Microsoft Visual Studio Solution File, Format Version 12.00
# Visual Studio 14
VisualStudioVersion = 14.0.24720.0
MinimumVisualStudioVersion = 10.0.40219.1
Project("{FAE04EC0-301F-11D3-BF4B-00C04F79EFBC}") = "4PlugXWT", "4PlugXWT\4PlugXWT.csproj", "{7C9C4936-0A06-4693-8395-FE0A2522AB19}"
EndProject
Project("{FAE04EC0-301F-11D3-BF4B-00C04F79EFBC}") = "4PlugXwt_WPF", "4PlugXWT_WPF\4PlugXwt_WPF.csproj", "{73B85B9B-3DDD-4A27-BEF5-52585868EEC4}"
EndProject
Project("{FAE04EC0-301F-11D3-BF4B-00C04F79EFBC}") = "4PlugXWT_GTK", "4PlugXWT_GTK\4PlugXWT_GTK.csproj", "{F7B167E9-5796-4235-946B-3A30FA88B15F}"
EndProject
Project("{FAE04EC0-301F-11D3-BF4B-00C04F79EFBC}") = "4PlugXWT_MAC", "4PlugXWT_MAC\4PlugXWT_MAC.csproj", "{1E5BCB8E-BB21-4BAD-BF48-E75BFDBDB20A}"
EndProject
Global
	GlobalSection(SolutionConfigurationPlatforms) = preSolution
		Debug|Any CPU = Debug|Any CPU
		Release|Any CPU = Release|Any CPU
	EndGlobalSection
	GlobalSection(ProjectConfigurationPlatforms) = postSolution
		{7C9C4936-0A06-4693-8395-FE0A2522AB19}.Debug|Any CPU.ActiveCfg = Debug|Any CPU
		{7C9C4936-0A06-4693-8395-FE0A2522AB19}.Debug|Any CPU.Build.0 = Debug|Any CPU
		{7C9C4936-0A06-4693-8395-FE0A2522AB19}.Release|Any CPU.ActiveCfg = Release|Any CPU
		{7C9C4936-0A06-4693-8395-FE0A2522AB19}.Release|Any CPU.Build.0 = Release|Any CPU
		{73B85B9B-3DDD-4A27-BEF5-52585868EEC4}.Debug|Any CPU.ActiveCfg = Debug|Any CPU
		{73B85B9B-3DDD-4A27-BEF5-52585868EEC4}.Debug|Any CPU.Build.0 = Debug|Any CPU
		{73B85B9B-3DDD-4A27-BEF5-52585868EEC4}.Release|Any CPU.ActiveCfg = Release|Any CPU
		{73B85B9B-3DDD-4A27-BEF5-52585868EEC4}.Release|Any CPU.Build.0 = Release|Any CPU
		{F7B167E9-5796-4235-946B-3A30FA88B15F}.Debug|Any CPU.ActiveCfg = Debug|Any CPU
		{F7B167E9-5796-4235-946B-3A30FA88B15F}.Debug|Any CPU.Build.0 = Debug|Any CPU
		{F7B167E9-5796-4235-946B-3A30FA88B15F}.Release|Any CPU.ActiveCfg = Release|Any CPU
		{F7B167E9-5796-4235-946B-3A30FA88B15F}.Release|Any CPU.Build.0 = Release|Any CPU
		{1E5BCB8E-BB21-4BAD-BF48-E75BFDBDB20A}.Debug|Any CPU.ActiveCfg = Debug|Any CPU
		{1E5BCB8E-BB21-4BAD-BF48-E75BFDBDB20A}.Debug|Any CPU.Build.0 = Debug|Any CPU
		{1E5BCB8E-BB21-4BAD-BF48-E75BFDBDB20A}.Release|Any CPU.ActiveCfg = Release|Any CPU
		{1E5BCB8E-BB21-4BAD-BF48-E75BFDBDB20A}.Release|Any CPU.Build.0 = Release|Any CPU
	EndGlobalSection
	GlobalSection(SolutionProperties) = preSolution
		HideSolutionNode = FALSE
	EndGlobalSection
EndGlobal
